Microsoft Visual Studio Solution File, Format Version 12.00
# Visual Studio Version 17
VisualStudioVersion = 17.5.2.0
MinimumVisualStudioVersion = 10.0.40219.1
Project("{FAE04EC0-301F-11D3-BF4B-00C04F79EFBC}") = "EbayProject.Api", "EbayProject.Api\EbayProject.Api.csproj", "{C7221326-F5FA-0F0C-0EC4-D4EFAB0AF0B8}"
EndProject
Global
	GlobalSection(SolutionConfigurationPlatforms) = preSolution
		Debug|Any CPU = Debug|Any CPU
		Release|Any CPU = Release|Any CPU
	EndGlobalSection
	GlobalSection(ProjectConfigurationPlatforms) = postSolution
		{C7221326-F5FA-0F0C-0EC4-D4EFAB0AF0B8}.Debug|Any CPU.ActiveCfg = Debug|Any CPU
		{C7221326-F5FA-0F0C-0EC4-D4EFAB0AF0B8}.Debug|Any CPU.Build.0 = Debug|Any CPU
		{C7221326-F5FA-0F0C-0EC4-D4EFAB0AF0B8}.Release|Any CPU.ActiveCfg = Release|Any CPU
		{C7221326-F5FA-0F0C-0EC4-D4EFAB0AF0B8}.Release|Any CPU.Build.0 = Release|Any CPU
	EndGlobalSection
	GlobalSection(SolutionProperties) = preSolution
		HideSolutionNode = FALSE
	EndGlobalSection
	GlobalSection(ExtensibilityGlobals) = postSolution
		SolutionGuid = {A33AF399-6D25-43BA-B6EC-91F428FB7245}
	EndGlobalSection
EndGlobal
